// !$*UTF8*$!
{
	archiveVersion = 1;
	classes = {
	};
	objectVersion = 46;
	objects = {

/* Begin PBXBuildFile section */
		362438031B69698A00BB009C /* LibXML.h in Headers */ = {isa = PBXBuildFile; fileRef = 362438021B69698A00BB009C /* LibXML.h */; settings = {ATTRIBUTES = (Public, ); }; };
		3624380A1B69698A00BB009C /* XML.framework in Frameworks */ = {isa = PBXBuildFile; fileRef = 362437FF1B69698A00BB009C /* XML.framework */; };
		3624380F1B69698A00BB009C /* LibXMLTests.swift in Sources */ = {isa = PBXBuildFile; fileRef = 3624380E1B69698A00BB009C /* LibXMLTests.swift */; };
		362438261B696A7400BB009C /* libxml2.2.tbd in Frameworks */ = {isa = PBXBuildFile; fileRef = 362438241B696A7400BB009C /* libxml2.2.tbd */; };
		362438271B696A7400BB009C /* libxml2.tbd in Frameworks */ = {isa = PBXBuildFile; fileRef = 362438251B696A7400BB009C /* libxml2.tbd */; };
		3624382A1B696B4700BB009C /* Document.swift in Sources */ = {isa = PBXBuildFile; fileRef = 362438291B696B4700BB009C /* Document.swift */; };
		3624382F1B69775500BB009C /* libxml2 in Resources */ = {isa = PBXBuildFile; fileRef = 3624382E1B69775500BB009C /* libxml2 */; };
		3657F7AC1B697AF200752463 /* AppDelegate.swift in Sources */ = {isa = PBXBuildFile; fileRef = 3657F7AB1B697AF200752463 /* AppDelegate.swift */; };
		3657F7AE1B697AF200752463 /* Assets.xcassets in Resources */ = {isa = PBXBuildFile; fileRef = 3657F7AD1B697AF200752463 /* Assets.xcassets */; };
		3657F7B11B697AF300752463 /* MainMenu.xib in Resources */ = {isa = PBXBuildFile; fileRef = 3657F7AF1B697AF300752463 /* MainMenu.xib */; };
		3657F7D51B69839000752463 /* XML.framework in Frameworks */ = {isa = PBXBuildFile; fileRef = 362437FF1B69698A00BB009C /* XML.framework */; };
		3657F7DA1B6A1EBF00752463 /* Error.swift in Sources */ = {isa = PBXBuildFile; fileRef = 3657F7D91B6A1EBF00752463 /* Error.swift */; };
		3657F7DC1B6A20B500752463 /* ParserContext.swift in Sources */ = {isa = PBXBuildFile; fileRef = 3657F7DB1B6A20B500752463 /* ParserContext.swift */; };
		3657F7DE1B6A224A00752463 /* DTD.swift in Sources */ = {isa = PBXBuildFile; fileRef = 3657F7DD1B6A224A00752463 /* DTD.swift */; };
		3657F7E01B6A267D00752463 /* Node.swift in Sources */ = {isa = PBXBuildFile; fileRef = 3657F7DF1B6A267D00752463 /* Node.swift */; };
		3657F7E21B6A313A00752463 /* CLinkedList.swift in Sources */ = {isa = PBXBuildFile; fileRef = 3657F7E11B6A313A00752463 /* CLinkedList.swift */; };
		3657F7E41B6A335300752463 /* CLinkedList+libxml2.swift in Sources */ = {isa = PBXBuildFile; fileRef = 3657F7E31B6A335300752463 /* CLinkedList+libxml2.swift */; };
		36BD20441B983FF20088EC4B /* String.swift in Sources */ = {isa = PBXBuildFile; fileRef = 36BD20431B983FF20088EC4B /* String.swift */; settings = {ASSET_TAGS = (); }; };
		36BD20461B9843370088EC4B /* Namespace.swift in Sources */ = {isa = PBXBuildFile; fileRef = 36BD20451B9843370088EC4B /* Namespace.swift */; settings = {ASSET_TAGS = (); }; };
		36BD204A1B9845E70088EC4B /* Attribute.swift in Sources */ = {isa = PBXBuildFile; fileRef = 36BD20491B9845E70088EC4B /* Attribute.swift */; settings = {ASSET_TAGS = (); }; };
/* End PBXBuildFile section */

/* Begin PBXContainerItemProxy section */
		3624380B1B69698A00BB009C /* PBXContainerItemProxy */ = {
			isa = PBXContainerItemProxy;
			containerPortal = 362437F61B69698A00BB009C /* Project object */;
			proxyType = 1;
			remoteGlobalIDString = 362437FE1B69698A00BB009C;
			remoteInfo = LibXML;
		};
		3657F7D31B69838900752463 /* PBXContainerItemProxy */ = {
			isa = PBXContainerItemProxy;
			containerPortal = 362437F61B69698A00BB009C /* Project object */;
			proxyType = 1;
			remoteGlobalIDString = 362437FE1B69698A00BB009C;
			remoteInfo = LibXML;
		};
/* End PBXContainerItemProxy section */

/* Begin PBXFileReference section */
		362437FF1B69698A00BB009C /* XML.framework */ = {isa = PBXFileReference; explicitFileType = wrapper.framework; includeInIndex = 0; path = XML.framework; sourceTree = BUILT_PRODUCTS_DIR; };
		362438021B69698A00BB009C /* LibXML.h */ = {isa = PBXFileReference; lastKnownFileType = sourcecode.c.h; path = LibXML.h; sourceTree = "<group>"; };
		362438041B69698A00BB009C /* Info.plist */ = {isa = PBXFileReference; lastKnownFileType = text.plist.xml; path = Info.plist; sourceTree = "<group>"; };
		362438091B69698A00BB009C /* LibXMLTests.xctest */ = {isa = PBXFileReference; explicitFileType = wrapper.cfbundle; includeInIndex = 0; path = LibXMLTests.xctest; sourceTree = BUILT_PRODUCTS_DIR; };
		3624380E1B69698A00BB009C /* LibXMLTests.swift */ = {isa = PBXFileReference; lastKnownFileType = sourcecode.swift; path = LibXMLTests.swift; sourceTree = "<group>"; };
		362438101B69698A00BB009C /* Info.plist */ = {isa = PBXFileReference; lastKnownFileType = text.plist.xml; path = Info.plist; sourceTree = "<group>"; };
		362438241B696A7400BB009C /* libxml2.2.tbd */ = {isa = PBXFileReference; lastKnownFileType = "sourcecode.text-based-dylib-definition"; name = libxml2.2.tbd; path = usr/lib/libxml2.2.tbd; sourceTree = SDKROOT; };
		362438251B696A7400BB009C /* libxml2.tbd */ = {isa = PBXFileReference; lastKnownFileType = "sourcecode.text-based-dylib-definition"; name = libxml2.tbd; path = usr/lib/libxml2.tbd; sourceTree = SDKROOT; };
		362438291B696B4700BB009C /* Document.swift */ = {isa = PBXFileReference; fileEncoding = 4; lastKnownFileType = sourcecode.swift; path = Document.swift; sourceTree = "<group>"; };
		3624382D1B69734300BB009C /* module.modulemap */ = {isa = PBXFileReference; fileEncoding = 4; lastKnownFileType = "sourcecode.module-map"; path = module.modulemap; sourceTree = "<group>"; };
		3624382E1B69775500BB009C /* libxml2 */ = {isa = PBXFileReference; lastKnownFileType = folder; path = libxml2; sourceTree = "<group>"; };
		3657F7A91B697AF200752463 /* LibXML-App.app */ = {isa = PBXFileReference; explicitFileType = wrapper.application; includeInIndex = 0; path = "LibXML-App.app"; sourceTree = BUILT_PRODUCTS_DIR; };
		3657F7AB1B697AF200752463 /* AppDelegate.swift */ = {isa = PBXFileReference; lastKnownFileType = sourcecode.swift; path = AppDelegate.swift; sourceTree = "<group>"; };
		3657F7AD1B697AF200752463 /* Assets.xcassets */ = {isa = PBXFileReference; lastKnownFileType = folder.assetcatalog; path = Assets.xcassets; sourceTree = "<group>"; };
		3657F7B01B697AF300752463 /* Base */ = {isa = PBXFileReference; lastKnownFileType = file.xib; name = Base; path = Base.lproj/MainMenu.xib; sourceTree = "<group>"; };
		3657F7B21B697AF300752463 /* Info.plist */ = {isa = PBXFileReference; lastKnownFileType = text.plist.xml; path = Info.plist; sourceTree = "<group>"; };
		3657F7D71B6A11D400752463 /* LibXML.xcconfig */ = {isa = PBXFileReference; lastKnownFileType = text.xcconfig; path = LibXML.xcconfig; sourceTree = "<group>"; };
		3657F7D81B6A18BB00752463 /* LibXML-App.xcconfig */ = {isa = PBXFileReference; lastKnownFileType = text.xcconfig; path = "LibXML-App.xcconfig"; sourceTree = "<group>"; };
		3657F7D91B6A1EBF00752463 /* Error.swift */ = {isa = PBXFileReference; fileEncoding = 4; lastKnownFileType = sourcecode.swift; path = Error.swift; sourceTree = "<group>"; };
		3657F7DB1B6A20B500752463 /* ParserContext.swift */ = {isa = PBXFileReference; fileEncoding = 4; lastKnownFileType = sourcecode.swift; path = ParserContext.swift; sourceTree = "<group>"; };
		3657F7DD1B6A224A00752463 /* DTD.swift */ = {isa = PBXFileReference; fileEncoding = 4; lastKnownFileType = sourcecode.swift; path = DTD.swift; sourceTree = "<group>"; };
		3657F7DF1B6A267D00752463 /* Node.swift */ = {isa = PBXFileReference; fileEncoding = 4; lastKnownFileType = sourcecode.swift; path = Node.swift; sourceTree = "<group>"; };
		3657F7E11B6A313A00752463 /* CLinkedList.swift */ = {isa = PBXFileReference; fileEncoding = 4; lastKnownFileType = sourcecode.swift; path = CLinkedList.swift; sourceTree = "<group>"; };
		3657F7E31B6A335300752463 /* CLinkedList+libxml2.swift */ = {isa = PBXFileReference; fileEncoding = 4; lastKnownFileType = sourcecode.swift; path = "CLinkedList+libxml2.swift"; sourceTree = "<group>"; };
		36BD20431B983FF20088EC4B /* String.swift */ = {isa = PBXFileReference; fileEncoding = 4; lastKnownFileType = sourcecode.swift; path = String.swift; sourceTree = "<group>"; };
		36BD20451B9843370088EC4B /* Namespace.swift */ = {isa = PBXFileReference; fileEncoding = 4; lastKnownFileType = sourcecode.swift; path = Namespace.swift; sourceTree = "<group>"; };
		36BD20491B9845E70088EC4B /* Attribute.swift */ = {isa = PBXFileReference; fileEncoding = 4; lastKnownFileType = sourcecode.swift; path = Attribute.swift; sourceTree = "<group>"; };
/* End PBXFileReference section */

/* Begin PBXFrameworksBuildPhase section */
		362437FB1B69698A00BB009C /* Frameworks */ = {
			isa = PBXFrameworksBuildPhase;
			buildActionMask = 2147483647;
			files = (
				362438261B696A7400BB009C /* libxml2.2.tbd in Frameworks */,
				362438271B696A7400BB009C /* libxml2.tbd in Frameworks */,
			);
			runOnlyForDeploymentPostprocessing = 0;
		};
		362438061B69698A00BB009C /* Frameworks */ = {
			isa = PBXFrameworksBuildPhase;
			buildActionMask = 2147483647;
			files = (
				3624380A1B69698A00BB009C /* XML.framework in Frameworks */,
			);
			runOnlyForDeploymentPostprocessing = 0;
		};
		3657F7A61B697AF200752463 /* Frameworks */ = {
			isa = PBXFrameworksBuildPhase;
			buildActionMask = 2147483647;
			files = (
				3657F7D51B69839000752463 /* XML.framework in Frameworks */,
			);
			runOnlyForDeploymentPostprocessing = 0;
		};
/* End PBXFrameworksBuildPhase section */

/* Begin PBXGroup section */
		362437F51B69698A00BB009C = {
			isa = PBXGroup;
			children = (
				362438241B696A7400BB009C /* libxml2.2.tbd */,
				362438251B696A7400BB009C /* libxml2.tbd */,
				362438011B69698A00BB009C /* LibXML */,
				3624380D1B69698A00BB009C /* LibXMLTests */,
				3624382E1B69775500BB009C /* libxml2 */,
				3657F7AA1B697AF200752463 /* LibXML-App */,
				362438001B69698A00BB009C /* Products */,
			);
			sourceTree = "<group>";
		};
		362438001B69698A00BB009C /* Products */ = {
			isa = PBXGroup;
			children = (
				362437FF1B69698A00BB009C /* XML.framework */,
				362438091B69698A00BB009C /* LibXMLTests.xctest */,
				3657F7A91B697AF200752463 /* LibXML-App.app */,
			);
			name = Products;
			sourceTree = "<group>";
		};
		362438011B69698A00BB009C /* LibXML */ = {
			isa = PBXGroup;
			children = (
				362438021B69698A00BB009C /* LibXML.h */,
				362438041B69698A00BB009C /* Info.plist */,
				3657F7D91B6A1EBF00752463 /* Error.swift */,
				3657F7DB1B6A20B500752463 /* ParserContext.swift */,
				36BD204B1B9846080088EC4B /* Document tree */,
				3624382D1B69734300BB009C /* module.modulemap */,
				3657F7D71B6A11D400752463 /* LibXML.xcconfig */,
				3657F7E51B6A624400752463 /* Helper */,
			);
			path = LibXML;
			sourceTree = "<group>";
		};
		3624380D1B69698A00BB009C /* LibXMLTests */ = {
			isa = PBXGroup;
			children = (
				3624380E1B69698A00BB009C /* LibXMLTests.swift */,
				362438101B69698A00BB009C /* Info.plist */,
			);
			path = LibXMLTests;
			sourceTree = "<group>";
		};
		3657F7AA1B697AF200752463 /* LibXML-App */ = {
			isa = PBXGroup;
			children = (
				3657F7AB1B697AF200752463 /* AppDelegate.swift */,
				3657F7AD1B697AF200752463 /* Assets.xcassets */,
				3657F7AF1B697AF300752463 /* MainMenu.xib */,
				3657F7B21B697AF300752463 /* Info.plist */,
				3657F7D81B6A18BB00752463 /* LibXML-App.xcconfig */,
			);
			path = "LibXML-App";
			sourceTree = "<group>";
		};
		3657F7E51B6A624400752463 /* Helper */ = {
			isa = PBXGroup;
			children = (
				3657F7E11B6A313A00752463 /* CLinkedList.swift */,
				3657F7E31B6A335300752463 /* CLinkedList+libxml2.swift */,
				36BD20431B983FF20088EC4B /* String.swift */,
			);
			name = Helper;
			sourceTree = "<group>";
		};
		36BD204B1B9846080088EC4B /* Document tree */ = {
			isa = PBXGroup;
			children = (
				36BD20491B9845E70088EC4B /* Attribute.swift */,
				362438291B696B4700BB009C /* Document.swift */,
				3657F7DD1B6A224A00752463 /* DTD.swift */,
				36BD20451B9843370088EC4B /* Namespace.swift */,
				3657F7DF1B6A267D00752463 /* Node.swift */,
			);
			name = "Document tree";
			sourceTree = "<group>";
		};
/* End PBXGroup section */

/* Begin PBXHeadersBuildPhase section */
		362437FC1B69698A00BB009C /* Headers */ = {
			isa = PBXHeadersBuildPhase;
			buildActionMask = 2147483647;
			files = (
				362438031B69698A00BB009C /* LibXML.h in Headers */,
			);
			runOnlyForDeploymentPostprocessing = 0;
		};
/* End PBXHeadersBuildPhase section */

/* Begin PBXNativeTarget section */
		362437FE1B69698A00BB009C /* LibXML */ = {
			isa = PBXNativeTarget;
			buildConfigurationList = 362438131B69698A00BB009C /* Build configuration list for PBXNativeTarget "LibXML" */;
			buildPhases = (
				362437FA1B69698A00BB009C /* Sources */,
				362437FB1B69698A00BB009C /* Frameworks */,
				362437FC1B69698A00BB009C /* Headers */,
				362437FD1B69698A00BB009C /* Resources */,
			);
			buildRules = (
			);
			dependencies = (
			);
			name = LibXML;
			productName = LibXML;
			productReference = 362437FF1B69698A00BB009C /* XML.framework */;
			productType = "com.apple.product-type.framework";
		};
		362438081B69698A00BB009C /* LibXMLTests */ = {
			isa = PBXNativeTarget;
			buildConfigurationList = 362438161B69698A00BB009C /* Build configuration list for PBXNativeTarget "LibXMLTests" */;
			buildPhases = (
				362438051B69698A00BB009C /* Sources */,
				362438061B69698A00BB009C /* Frameworks */,
				362438071B69698A00BB009C /* Resources */,
			);
			buildRules = (
			);
			dependencies = (
				3624380C1B69698A00BB009C /* PBXTargetDependency */,
			);
			name = LibXMLTests;
			productName = LibXMLTests;
			productReference = 362438091B69698A00BB009C /* LibXMLTests.xctest */;
			productType = "com.apple.product-type.bundle.unit-test";
		};
		3657F7A81B697AF200752463 /* LibXML-App */ = {
			isa = PBXNativeTarget;
			buildConfigurationList = 3657F7C91B697AF300752463 /* Build configuration list for PBXNativeTarget "LibXML-App" */;
			buildPhases = (
				3657F7A51B697AF200752463 /* Sources */,
				3657F7A61B697AF200752463 /* Frameworks */,
				3657F7A71B697AF200752463 /* Resources */,
			);
			buildRules = (
			);
			dependencies = (
				3657F7D41B69838900752463 /* PBXTargetDependency */,
			);
			name = "LibXML-App";
			productName = "LibXML-App";
			productReference = 3657F7A91B697AF200752463 /* LibXML-App.app */;
			productType = "com.apple.product-type.application";
		};
/* End PBXNativeTarget section */

/* Begin PBXProject section */
		362437F61B69698A00BB009C /* Project object */ = {
			isa = PBXProject;
			attributes = {
				LastSwiftUpdateCheck = 0700;
				LastUpgradeCheck = 0700;
				ORGANIZATIONNAME = "Jakob Rath";
				TargetAttributes = {
					362437FE1B69698A00BB009C = {
						CreatedOnToolsVersion = 7.0;
					};
					362438081B69698A00BB009C = {
						CreatedOnToolsVersion = 7.0;
					};
					3657F7A81B697AF200752463 = {
						CreatedOnToolsVersion = 7.0;
					};
				};
			};
			buildConfigurationList = 362437F91B69698A00BB009C /* Build configuration list for PBXProject "LibXML" */;
			compatibilityVersion = "Xcode 3.2";
			developmentRegion = English;
			hasScannedForEncodings = 0;
			knownRegions = (
				en,
				Base,
			);
			mainGroup = 362437F51B69698A00BB009C;
			productRefGroup = 362438001B69698A00BB009C /* Products */;
			projectDirPath = "";
			projectRoot = "";
			targets = (
				362437FE1B69698A00BB009C /* LibXML */,
				362438081B69698A00BB009C /* LibXMLTests */,
				3657F7A81B697AF200752463 /* LibXML-App */,
			);
		};
/* End PBXProject section */

/* Begin PBXResourcesBuildPhase section */
		362437FD1B69698A00BB009C /* Resources */ = {
			isa = PBXResourcesBuildPhase;
			buildActionMask = 2147483647;
			files = (
				3624382F1B69775500BB009C /* libxml2 in Resources */,
			);
			runOnlyForDeploymentPostprocessing = 0;
		};
		362438071B69698A00BB009C /* Resources */ = {
			isa = PBXResourcesBuildPhase;
			buildActionMask = 2147483647;
			files = (
			);
			runOnlyForDeploymentPostprocessing = 0;
		};
		3657F7A71B697AF200752463 /* Resources */ = {
			isa = PBXResourcesBuildPhase;
			buildActionMask = 2147483647;
			files = (
				3657F7AE1B697AF200752463 /* Assets.xcassets in Resources */,
				3657F7B11B697AF300752463 /* MainMenu.xib in Resources */,
			);
			runOnlyForDeploymentPostprocessing = 0;
		};
/* End PBXResourcesBuildPhase section */

/* Begin PBXSourcesBuildPhase section */
		362437FA1B69698A00BB009C /* Sources */ = {
			isa = PBXSourcesBuildPhase;
			buildActionMask = 2147483647;
			files = (
				36BD204A1B9845E70088EC4B /* Attribute.swift in Sources */,
				3657F7DE1B6A224A00752463 /* DTD.swift in Sources */,
				36BD20461B9843370088EC4B /* Namespace.swift in Sources */,
				3657F7E41B6A335300752463 /* CLinkedList+libxml2.swift in Sources */,
				3657F7E01B6A267D00752463 /* Node.swift in Sources */,
				3657F7DC1B6A20B500752463 /* ParserContext.swift in Sources */,
				3657F7DA1B6A1EBF00752463 /* Error.swift in Sources */,
				3624382A1B696B4700BB009C /* Document.swift in Sources */,
				36BD20441B983FF20088EC4B /* String.swift in Sources */,
				3657F7E21B6A313A00752463 /* CLinkedList.swift in Sources */,
			);
			runOnlyForDeploymentPostprocessing = 0;
		};
		362438051B69698A00BB009C /* Sources */ = {
			isa = PBXSourcesBuildPhase;
			buildActionMask = 2147483647;
			files = (
				3624380F1B69698A00BB009C /* LibXMLTests.swift in Sources */,
			);
			runOnlyForDeploymentPostprocessing = 0;
		};
		3657F7A51B697AF200752463 /* Sources */ = {
			isa = PBXSourcesBuildPhase;
			buildActionMask = 2147483647;
			files = (
				3657F7AC1B697AF200752463 /* AppDelegate.swift in Sources */,
			);
			runOnlyForDeploymentPostprocessing = 0;
		};
/* End PBXSourcesBuildPhase section */

/* Begin PBXTargetDependency section */
		3624380C1B69698A00BB009C /* PBXTargetDependency */ = {
			isa = PBXTargetDependency;
			target = 362437FE1B69698A00BB009C /* LibXML */;
			targetProxy = 3624380B1B69698A00BB009C /* PBXContainerItemProxy */;
		};
		3657F7D41B69838900752463 /* PBXTargetDependency */ = {
			isa = PBXTargetDependency;
			target = 362437FE1B69698A00BB009C /* LibXML */;
			targetProxy = 3657F7D31B69838900752463 /* PBXContainerItemProxy */;
		};
/* End PBXTargetDependency section */

/* Begin PBXVariantGroup section */
		3657F7AF1B697AF300752463 /* MainMenu.xib */ = {
			isa = PBXVariantGroup;
			children = (
				3657F7B01B697AF300752463 /* Base */,
			);
			name = MainMenu.xib;
			sourceTree = "<group>";
		};
/* End PBXVariantGroup section */

/* Begin XCBuildConfiguration section */
		362438111B69698A00BB009C /* Debug */ = {
			isa = XCBuildConfiguration;
			buildSettings = {
				ALWAYS_SEARCH_USER_PATHS = NO;
				CLANG_CXX_LANGUAGE_STANDARD = "gnu++0x";
				CLANG_CXX_LIBRARY = "libc++";
				CLANG_ENABLE_MODULES = YES;
				CLANG_ENABLE_OBJC_ARC = YES;
				CLANG_WARN_BOOL_CONVERSION = YES;
				CLANG_WARN_CONSTANT_CONVERSION = YES;
				CLANG_WARN_DIRECT_OBJC_ISA_USAGE = YES_ERROR;
				CLANG_WARN_EMPTY_BODY = YES;
				CLANG_WARN_ENUM_CONVERSION = YES;
				CLANG_WARN_INT_CONVERSION = YES;
				CLANG_WARN_OBJC_ROOT_CLASS = YES_ERROR;
				CLANG_WARN_UNREACHABLE_CODE = YES;
				CLANG_WARN__DUPLICATE_METHOD_MATCH = YES;
				COPY_PHASE_STRIP = NO;
				CURRENT_PROJECT_VERSION = 1;
				DEBUG_INFORMATION_FORMAT = dwarf;
				ENABLE_STRICT_OBJC_MSGSEND = YES;
				ENABLE_TESTABILITY = YES;
				GCC_C_LANGUAGE_STANDARD = gnu99;
				GCC_DYNAMIC_NO_PIC = NO;
				GCC_NO_COMMON_BLOCKS = YES;
				GCC_OPTIMIZATION_LEVEL = 0;
				GCC_PREPROCESSOR_DEFINITIONS = (
					"DEBUG=1",
					"$(inherited)",
				);
				GCC_WARN_64_TO_32_BIT_CONVERSION = YES;
				GCC_WARN_ABOUT_RETURN_TYPE = YES_ERROR;
				GCC_WARN_UNDECLARED_SELECTOR = YES;
				GCC_WARN_UNINITIALIZED_AUTOS = YES_AGGRESSIVE;
				GCC_WARN_UNUSED_FUNCTION = YES;
				GCC_WARN_UNUSED_VARIABLE = YES;
				MACOSX_DEPLOYMENT_TARGET = 10.10;
				MTL_ENABLE_DEBUG_INFO = YES;
				ONLY_ACTIVE_ARCH = YES;
				SDKROOT = macosx;
				SWIFT_OPTIMIZATION_LEVEL = "-Onone";
				VERSIONING_SYSTEM = "apple-generic";
				VERSION_INFO_PREFIX = "";
			};
			name = Debug;
		};
		362438121B69698A00BB009C /* Release */ = {
			isa = XCBuildConfiguration;
			buildSettings = {
				ALWAYS_SEARCH_USER_PATHS = NO;
				CLANG_CXX_LANGUAGE_STANDARD = "gnu++0x";
				CLANG_CXX_LIBRARY = "libc++";
				CLANG_ENABLE_MODULES = YES;
				CLANG_ENABLE_OBJC_ARC = YES;
				CLANG_WARN_BOOL_CONVERSION = YES;
				CLANG_WARN_CONSTANT_CONVERSION = YES;
				CLANG_WARN_DIRECT_OBJC_ISA_USAGE = YES_ERROR;
				CLANG_WARN_EMPTY_BODY = YES;
				CLANG_WARN_ENUM_CONVERSION = YES;
				CLANG_WARN_INT_CONVERSION = YES;
				CLANG_WARN_OBJC_ROOT_CLASS = YES_ERROR;
				CLANG_WARN_UNREACHABLE_CODE = YES;
				CLANG_WARN__DUPLICATE_METHOD_MATCH = YES;
				COPY_PHASE_STRIP = NO;
				CURRENT_PROJECT_VERSION = 1;
				DEBUG_INFORMATION_FORMAT = "dwarf-with-dsym";
				ENABLE_NS_ASSERTIONS = NO;
				ENABLE_STRICT_OBJC_MSGSEND = YES;
				GCC_C_LANGUAGE_STANDARD = gnu99;
				GCC_NO_COMMON_BLOCKS = YES;
				GCC_WARN_64_TO_32_BIT_CONVERSION = YES;
				GCC_WARN_ABOUT_RETURN_TYPE = YES_ERROR;
				GCC_WARN_UNDECLARED_SELECTOR = YES;
				GCC_WARN_UNINITIALIZED_AUTOS = YES_AGGRESSIVE;
				GCC_WARN_UNUSED_FUNCTION = YES;
				GCC_WARN_UNUSED_VARIABLE = YES;
				MACOSX_DEPLOYMENT_TARGET = 10.10;
				MTL_ENABLE_DEBUG_INFO = NO;
				SDKROOT = macosx;
				VERSIONING_SYSTEM = "apple-generic";
				VERSION_INFO_PREFIX = "";
			};
			name = Release;
		};
		362438141B69698A00BB009C /* Debug */ = {
			isa = XCBuildConfiguration;
			baseConfigurationReference = 3657F7D71B6A11D400752463 /* LibXML.xcconfig */;
			buildSettings = {
				COMBINE_HIDPI_IMAGES = YES;
				DEFINES_MODULE = YES;
				DYLIB_COMPATIBILITY_VERSION = 1;
				DYLIB_CURRENT_VERSION = 1;
				DYLIB_INSTALL_NAME_BASE = "@rpath";
				FRAMEWORK_VERSION = A;
				INFOPLIST_FILE = LibXML/Info.plist;
				INSTALL_PATH = "$(LOCAL_LIBRARY_DIR)/Frameworks";
				LD_RUNPATH_SEARCH_PATHS = "$(inherited) @executable_path/../Frameworks @loader_path/Frameworks";
				PRODUCT_BUNDLE_IDENTIFIER = eu.jakobrath.LibXML;
				SKIP_INSTALL = YES;
				SWIFT_OPTIMIZATION_LEVEL = "-Onone";
			};
			name = Debug;
		};
		362438151B69698A00BB009C /* Release */ = {
			isa = XCBuildConfiguration;
			baseConfigurationReference = 3657F7D71B6A11D400752463 /* LibXML.xcconfig */;
			buildSettings = {
				COMBINE_HIDPI_IMAGES = YES;
				DEFINES_MODULE = YES;
				DYLIB_COMPATIBILITY_VERSION = 1;
				DYLIB_CURRENT_VERSION = 1;
				DYLIB_INSTALL_NAME_BASE = "@rpath";
				FRAMEWORK_VERSION = A;
				INFOPLIST_FILE = LibXML/Info.plist;
				INSTALL_PATH = "$(LOCAL_LIBRARY_DIR)/Frameworks";
				LD_RUNPATH_SEARCH_PATHS = "$(inherited) @executable_path/../Frameworks @loader_path/Frameworks";
				PRODUCT_BUNDLE_IDENTIFIER = eu.jakobrath.LibXML;
				SKIP_INSTALL = YES;
			};
			name = Release;
		};
		362438171B69698A00BB009C /* Debug */ = {
			isa = XCBuildConfiguration;
			buildSettings = {
				COMBINE_HIDPI_IMAGES = YES;
				INFOPLIST_FILE = LibXMLTests/Info.plist;
				LD_RUNPATH_SEARCH_PATHS = "$(inherited) @executable_path/../Frameworks @loader_path/../Frameworks";
				PRODUCT_BUNDLE_IDENTIFIER = eu.jakobrath.LibXMLTests;
				PRODUCT_NAME = "$(TARGET_NAME)";
			};
			name = Debug;
		};
		362438181B69698A00BB009C /* Release */ = {
			isa = XCBuildConfiguration;
			buildSettings = {
				COMBINE_HIDPI_IMAGES = YES;
				INFOPLIST_FILE = LibXMLTests/Info.plist;
				LD_RUNPATH_SEARCH_PATHS = "$(inherited) @executable_path/../Frameworks @loader_path/../Frameworks";
				PRODUCT_BUNDLE_IDENTIFIER = eu.jakobrath.LibXMLTests;
				PRODUCT_NAME = "$(TARGET_NAME)";
			};
			name = Release;
		};
		3657F7CA1B697AF300752463 /* Debug */ = {
			isa = XCBuildConfiguration;
			baseConfigurationReference = 3657F7D81B6A18BB00752463 /* LibXML-App.xcconfig */;
			buildSettings = {
				ASSETCATALOG_COMPILER_APPICON_NAME = AppIcon;
				CODE_SIGN_IDENTITY = "-";
				COMBINE_HIDPI_IMAGES = YES;
				INFOPLIST_FILE = "LibXML-App/Info.plist";
				LD_RUNPATH_SEARCH_PATHS = "$(inherited) @executable_path/../Frameworks";
				PRODUCT_BUNDLE_IDENTIFIER = "eu.jakobrath.LibXML-App";
				PRODUCT_NAME = "$(TARGET_NAME)";
			};
			name = Debug;
		};
		3657F7CB1B697AF300752463 /* Release */ = {
			isa = XCBuildConfiguration;
			baseConfigurationReference = 3657F7D81B6A18BB00752463 /* LibXML-App.xcconfig */;
			buildSettings = {
				ASSETCATALOG_COMPILER_APPICON_NAME = AppIcon;
				CODE_SIGN_IDENTITY = "-";
				COMBINE_HIDPI_IMAGES = YES;
				INFOPLIST_FILE = "LibXML-App/Info.plist";
				LD_RUNPATH_SEARCH_PATHS = "$(inherited) @executable_path/../Frameworks";
				PRODUCT_BUNDLE_IDENTIFIER = "eu.jakobrath.LibXML-App";
				PRODUCT_NAME = "$(TARGET_NAME)";
			};
			name = Release;
		};
/* End XCBuildConfiguration section */

/* Begin XCConfigurationList section */
		362437F91B69698A00BB009C /* Build configuration list for PBXProject "LibXML" */ = {
			isa = XCConfigurationList;
			buildConfigurations = (
				362438111B69698A00BB009C /* Debug */,
				362438121B69698A00BB009C /* Release */,
			);
			defaultConfigurationIsVisible = 0;
			defaultConfigurationName = Release;
		};
		362438131B69698A00BB009C /* Build configuration list for PBXNativeTarget "LibXML" */ = {
			isa = XCConfigurationList;
			buildConfigurations = (
				362438141B69698A00BB009C /* Debug */,
				362438151B69698A00BB009C /* Release */,
			);
			defaultConfigurationIsVisible = 0;
			defaultConfigurationName = Release;
		};
		362438161B69698A00BB009C /* Build configuration list for PBXNativeTarget "LibXMLTests" */ = {
			isa = XCConfigurationList;
			buildConfigurations = (
				362438171B69698A00BB009C /* Debug */,
				362438181B69698A00BB009C /* Release */,
			);
			defaultConfigurationIsVisible = 0;
			defaultConfigurationName = Release;
		};
		3657F7C91B697AF300752463 /* Build configuration list for PBXNativeTarget "LibXML-App" */ = {
			isa = XCConfigurationList;
			buildConfigurations = (
				3657F7CA1B697AF300752463 /* Debug */,
				3657F7CB1B697AF300752463 /* Release */,
			);
			defaultConfigurationIsVisible = 0;
			defaultConfigurationName = Release;
		};
/* End XCConfigurationList section */
	};
	rootObject = 362437F61B69698A00BB009C /* Project object */;
}
